
Microsoft Visual Studio Solution File, Format Version 12.00
# Visual Studio Version 17
VisualStudioVersion = 17.1.32228.430
MinimumVisualStudioVersion = 10.0.40219.1
Project("{2150E333-8FDC-42A3-9474-1A3956D46DE8}") = "Proyectos de Clase", "Proyectos de Clase", "{E82EC670-77EE-4A3B-828F-26CC688097E0}"
EndProject
Project("{FAE04EC0-301F-11D3-BF4B-00C04F79EFBC}") = "Demo.Sopra.WebApplication2", "Demo.Sopra.WebApplication2\Demo.Sopra.WebApplication2.csproj", "{7C36739B-F1DD-448E-BDF0-E38A4B2106CC}"
EndProject
Project("{9A19103F-16F7-4668-BE54-9A1E7A4F7556}") = "Demo.Sopra.WebApplication1", "Demo.Sopra.WebApplication1\Demo.Sopra.WebApplication1.csproj", "{D87513F6-1675-423C-8F89-794D0091C3F7}"
EndProject
Global
	GlobalSection(SolutionConfigurationPlatforms) = preSolution
		Debug|Any CPU = Debug|Any CPU
		Release|Any CPU = Release|Any CPU
	EndGlobalSection
	GlobalSection(ProjectConfigurationPlatforms) = postSolution
		{7C36739B-F1DD-448E-BDF0-E38A4B2106CC}.Debug|Any CPU.ActiveCfg = Debug|Any CPU
		{7C36739B-F1DD-448E-BDF0-E38A4B2106CC}.Debug|Any CPU.Build.0 = Debug|Any CPU
		{7C36739B-F1DD-448E-BDF0-E38A4B2106CC}.Release|Any CPU.ActiveCfg = Release|Any CPU
		{7C36739B-F1DD-448E-BDF0-E38A4B2106CC}.Release|Any CPU.Build.0 = Release|Any CPU
		{D87513F6-1675-423C-8F89-794D0091C3F7}.Debug|Any CPU.ActiveCfg = Debug|Any CPU
		{D87513F6-1675-423C-8F89-794D0091C3F7}.Debug|Any CPU.Build.0 = Debug|Any CPU
		{D87513F6-1675-423C-8F89-794D0091C3F7}.Release|Any CPU.ActiveCfg = Release|Any CPU
		{D87513F6-1675-423C-8F89-794D0091C3F7}.Release|Any CPU.Build.0 = Release|Any CPU
	EndGlobalSection
	GlobalSection(SolutionProperties) = preSolution
		HideSolutionNode = FALSE
	EndGlobalSection
	GlobalSection(NestedProjects) = preSolution
		{7C36739B-F1DD-448E-BDF0-E38A4B2106CC} = {E82EC670-77EE-4A3B-828F-26CC688097E0}
		{D87513F6-1675-423C-8F89-794D0091C3F7} = {E82EC670-77EE-4A3B-828F-26CC688097E0}
	EndGlobalSection
	GlobalSection(ExtensibilityGlobals) = postSolution
		SolutionGuid = {5A89FD19-F94C-4802-B66E-366066C2382F}
	EndGlobalSection
EndGlobal
